
Microsoft Visual Studio Solution File, Format Version 12.00
# Visual Studio Version 17
VisualStudioVersion = 17.6.33829.357
MinimumVisualStudioVersion = 10.0.40219.1
Project("{9A19103F-16F7-4668-BE54-9A1E7A4F7556}") = "ShippingSystemApi", "ShippingSystemApi\ShippingSystemApi.csproj", "{111D91AA-FB30-4526-A5BB-ACDBD2FEEBB1}"
EndProject
Project("{9A19103F-16F7-4668-BE54-9A1E7A4F7556}") = "ShippingSystem.Model", "ShippingSystem.Model\ShippingSystem.Model.csproj", "{19F33FF0-E28E-465B-832B-7024D2FE622A}"
EndProject
Project("{9A19103F-16F7-4668-BE54-9A1E7A4F7556}") = "ShippingSystem.DataAccess", "ShippingSystem.DataAccess\ShippingSystem.DataAccess.csproj", "{8D611B68-4C40-4540-885C-7F0CB45B7671}"
EndProject
Project("{9A19103F-16F7-4668-BE54-9A1E7A4F7556}") = "ShippingSystem.Utility", "ShippingSystem.Utility\ShippingSystem.Utility.csproj", "{D7B8F1A7-F71B-4435-AA0A-6CF2AF3AB944}"
EndProject
Project("{FAE04EC0-301F-11D3-BF4B-00C04F79EFBC}") = "ShippingSystem.Service", "ShippingSystem.Service\ShippingSystem.Service.csproj", "{7F2392A3-74E7-488F-A623-709DC6B28D71}"
EndProject
Global
	GlobalSection(SolutionConfigurationPlatforms) = preSolution
		Debug|Any CPU = Debug|Any CPU
		Release|Any CPU = Release|Any CPU
	EndGlobalSection
	GlobalSection(ProjectConfigurationPlatforms) = postSolution
		{111D91AA-FB30-4526-A5BB-ACDBD2FEEBB1}.Debug|Any CPU.ActiveCfg = Debug|Any CPU
		{111D91AA-FB30-4526-A5BB-ACDBD2FEEBB1}.Debug|Any CPU.Build.0 = Debug|Any CPU
		{111D91AA-FB30-4526-A5BB-ACDBD2FEEBB1}.Release|Any CPU.ActiveCfg = Release|Any CPU
		{111D91AA-FB30-4526-A5BB-ACDBD2FEEBB1}.Release|Any CPU.Build.0 = Release|Any CPU
		{19F33FF0-E28E-465B-832B-7024D2FE622A}.Debug|Any CPU.ActiveCfg = Debug|Any CPU
		{19F33FF0-E28E-465B-832B-7024D2FE622A}.Debug|Any CPU.Build.0 = Debug|Any CPU
		{19F33FF0-E28E-465B-832B-7024D2FE622A}.Release|Any CPU.ActiveCfg = Release|Any CPU
		{19F33FF0-E28E-465B-832B-7024D2FE622A}.Release|Any CPU.Build.0 = Release|Any CPU
		{8D611B68-4C40-4540-885C-7F0CB45B7671}.Debug|Any CPU.ActiveCfg = Debug|Any CPU
		{8D611B68-4C40-4540-885C-7F0CB45B7671}.Debug|Any CPU.Build.0 = Debug|Any CPU
		{8D611B68-4C40-4540-885C-7F0CB45B7671}.Release|Any CPU.ActiveCfg = Release|Any CPU
		{8D611B68-4C40-4540-885C-7F0CB45B7671}.Release|Any CPU.Build.0 = Release|Any CPU
		{D7B8F1A7-F71B-4435-AA0A-6CF2AF3AB944}.Debug|Any CPU.ActiveCfg = Debug|Any CPU
		{D7B8F1A7-F71B-4435-AA0A-6CF2AF3AB944}.Debug|Any CPU.Build.0 = Debug|Any CPU
		{D7B8F1A7-F71B-4435-AA0A-6CF2AF3AB944}.Release|Any CPU.ActiveCfg = Release|Any CPU
		{D7B8F1A7-F71B-4435-AA0A-6CF2AF3AB944}.Release|Any CPU.Build.0 = Release|Any CPU
		{7F2392A3-74E7-488F-A623-709DC6B28D71}.Debug|Any CPU.ActiveCfg = Debug|Any CPU
		{7F2392A3-74E7-488F-A623-709DC6B28D71}.Debug|Any CPU.Build.0 = Debug|Any CPU
		{7F2392A3-74E7-488F-A623-709DC6B28D71}.Release|Any CPU.ActiveCfg = Release|Any CPU
		{7F2392A3-74E7-488F-A623-709DC6B28D71}.Release|Any CPU.Build.0 = Release|Any CPU
	EndGlobalSection
	GlobalSection(SolutionProperties) = preSolution
		HideSolutionNode = FALSE
	EndGlobalSection
	GlobalSection(ExtensibilityGlobals) = postSolution
		SolutionGuid = {CC1C513D-C214-4092-84A2-A1364B7626C3}
	EndGlobalSection
EndGlobal
