
Microsoft Visual Studio Solution File, Format Version 12.00
# Visual Studio Version 17
VisualStudioVersion = 17.6.33829.357
MinimumVisualStudioVersion = 10.0.40219.1
Project("{9A19103F-16F7-4668-BE54-9A1E7A4F7556}") = "ShippingSystemApi", "ShippingSystemApi\ShippingSystemApi.csproj", "{111D91AA-FB30-4526-A5BB-ACDBD2FEEBB1}"
EndProject
Project("{9A19103F-16F7-4668-BE54-9A1E7A4F7556}") = "ShippingSystem.Domain", "ShippingSystem.Domain\ShippingSystem.Domain.csproj", "{23E76F6B-6958-4DF2-A9CE-51B9DB9C47B4}"
EndProject
Project("{9A19103F-16F7-4668-BE54-9A1E7A4F7556}") = "ShippingSystem.Application", "ShippingSystem.Application\ShippingSystem.Application.csproj", "{FA11B3DA-D122-4D7F-BCFD-2079A698ED8C}"
EndProject
Project("{9A19103F-16F7-4668-BE54-9A1E7A4F7556}") = "ShippingSystem.Infrastructure", "ShippingSystem.Infrastructure\ShippingSystem.Infrastructure.csproj", "{D925F932-EF3F-4216-A96A-3D6FFABE7C0A}"
EndProject
Project("{9A19103F-16F7-4668-BE54-9A1E7A4F7556}") = "ShippingSystem.Presentation", "ShippingSystem.Presentation\ShippingSystem.Presentation.csproj", "{BF95A044-0098-42DF-8A7C-5684AE2BC194}"
EndProject
Project("{9A19103F-16F7-4668-BE54-9A1E7A4F7556}") = "ShippingSystem.Presistance", "ShippingSystem.Presistance\ShippingSystem.Presistance.csproj", "{808BA82E-7AD8-4EE2-8CF7-D5F884B6F226}"
EndProject
Project("{9A19103F-16F7-4668-BE54-9A1E7A4F7556}") = "ShippingSystem.Shared", "ShippingSystem.Shared\ShippingSystem.Shared.csproj", "{3992BA0E-FE46-4837-A41B-12AA57D39F25}"
EndProject
Global
	GlobalSection(SolutionConfigurationPlatforms) = preSolution
		Debug|Any CPU = Debug|Any CPU
		Release|Any CPU = Release|Any CPU
	EndGlobalSection
	GlobalSection(ProjectConfigurationPlatforms) = postSolution
		{111D91AA-FB30-4526-A5BB-ACDBD2FEEBB1}.Debug|Any CPU.ActiveCfg = Debug|Any CPU
		{111D91AA-FB30-4526-A5BB-ACDBD2FEEBB1}.Debug|Any CPU.Build.0 = Debug|Any CPU
		{111D91AA-FB30-4526-A5BB-ACDBD2FEEBB1}.Release|Any CPU.ActiveCfg = Release|Any CPU
		{111D91AA-FB30-4526-A5BB-ACDBD2FEEBB1}.Release|Any CPU.Build.0 = Release|Any CPU
		{23E76F6B-6958-4DF2-A9CE-51B9DB9C47B4}.Debug|Any CPU.ActiveCfg = Debug|Any CPU
		{23E76F6B-6958-4DF2-A9CE-51B9DB9C47B4}.Debug|Any CPU.Build.0 = Debug|Any CPU
		{23E76F6B-6958-4DF2-A9CE-51B9DB9C47B4}.Release|Any CPU.ActiveCfg = Release|Any CPU
		{23E76F6B-6958-4DF2-A9CE-51B9DB9C47B4}.Release|Any CPU.Build.0 = Release|Any CPU
		{FA11B3DA-D122-4D7F-BCFD-2079A698ED8C}.Debug|Any CPU.ActiveCfg = Debug|Any CPU
		{FA11B3DA-D122-4D7F-BCFD-2079A698ED8C}.Debug|Any CPU.Build.0 = Debug|Any CPU
		{FA11B3DA-D122-4D7F-BCFD-2079A698ED8C}.Release|Any CPU.ActiveCfg = Release|Any CPU
		{FA11B3DA-D122-4D7F-BCFD-2079A698ED8C}.Release|Any CPU.Build.0 = Release|Any CPU
		{D925F932-EF3F-4216-A96A-3D6FFABE7C0A}.Debug|Any CPU.ActiveCfg = Debug|Any CPU
		{D925F932-EF3F-4216-A96A-3D6FFABE7C0A}.Debug|Any CPU.Build.0 = Debug|Any CPU
		{D925F932-EF3F-4216-A96A-3D6FFABE7C0A}.Release|Any CPU.ActiveCfg = Release|Any CPU
		{D925F932-EF3F-4216-A96A-3D6FFABE7C0A}.Release|Any CPU.Build.0 = Release|Any CPU
		{BF95A044-0098-42DF-8A7C-5684AE2BC194}.Debug|Any CPU.ActiveCfg = Debug|Any CPU
		{BF95A044-0098-42DF-8A7C-5684AE2BC194}.Debug|Any CPU.Build.0 = Debug|Any CPU
		{BF95A044-0098-42DF-8A7C-5684AE2BC194}.Release|Any CPU.ActiveCfg = Release|Any CPU
		{BF95A044-0098-42DF-8A7C-5684AE2BC194}.Release|Any CPU.Build.0 = Release|Any CPU
		{808BA82E-7AD8-4EE2-8CF7-D5F884B6F226}.Debug|Any CPU.ActiveCfg = Debug|Any CPU
		{808BA82E-7AD8-4EE2-8CF7-D5F884B6F226}.Debug|Any CPU.Build.0 = Debug|Any CPU
		{808BA82E-7AD8-4EE2-8CF7-D5F884B6F226}.Release|Any CPU.ActiveCfg = Release|Any CPU
		{808BA82E-7AD8-4EE2-8CF7-D5F884B6F226}.Release|Any CPU.Build.0 = Release|Any CPU
		{3992BA0E-FE46-4837-A41B-12AA57D39F25}.Debug|Any CPU.ActiveCfg = Debug|Any CPU
		{3992BA0E-FE46-4837-A41B-12AA57D39F25}.Debug|Any CPU.Build.0 = Debug|Any CPU
		{3992BA0E-FE46-4837-A41B-12AA57D39F25}.Release|Any CPU.ActiveCfg = Release|Any CPU
		{3992BA0E-FE46-4837-A41B-12AA57D39F25}.Release|Any CPU.Build.0 = Release|Any CPU
	EndGlobalSection
	GlobalSection(SolutionProperties) = preSolution
		HideSolutionNode = FALSE
	EndGlobalSection
	GlobalSection(ExtensibilityGlobals) = postSolution
		SolutionGuid = {CC1C513D-C214-4092-84A2-A1364B7626C3}
	EndGlobalSection
EndGlobal
